
Microsoft Visual Studio Solution File, Format Version 12.00
# Visual Studio Version 16
VisualStudioVersion = 16.0.30523.141
MinimumVisualStudioVersion = 10.0.40219.1
Project("{9A19103F-16F7-4668-BE54-9A1E7A4F7556}") = "MemoramaAPIWeb", "MemoramaAPIWeb\MemoramaAPIWeb.csproj", "{01889C85-7A2E-4CBB-A9DB-2B065A197DC8}"
EndProject
Project("{FAE04EC0-301F-11D3-BF4B-00C04F79EFBC}") = "MemoramaAPIEscritorio", "MemoramaAPIEscritorio\MemoramaAPIEscritorio.csproj", "{0D7AE57E-206B-4A9C-8015-DC0ABE0FA145}"
EndProject
Global
	GlobalSection(SolutionConfigurationPlatforms) = preSolution
		Debug|Any CPU = Debug|Any CPU
		Release|Any CPU = Release|Any CPU
	EndGlobalSection
	GlobalSection(ProjectConfigurationPlatforms) = postSolution
		{01889C85-7A2E-4CBB-A9DB-2B065A197DC8}.Debug|Any CPU.ActiveCfg = Debug|Any CPU
		{01889C85-7A2E-4CBB-A9DB-2B065A197DC8}.Debug|Any CPU.Build.0 = Debug|Any CPU
		{01889C85-7A2E-4CBB-A9DB-2B065A197DC8}.Release|Any CPU.ActiveCfg = Release|Any CPU
		{01889C85-7A2E-4CBB-A9DB-2B065A197DC8}.Release|Any CPU.Build.0 = Release|Any CPU
		{0D7AE57E-206B-4A9C-8015-DC0ABE0FA145}.Debug|Any CPU.ActiveCfg = Debug|Any CPU
		{0D7AE57E-206B-4A9C-8015-DC0ABE0FA145}.Debug|Any CPU.Build.0 = Debug|Any CPU
		{0D7AE57E-206B-4A9C-8015-DC0ABE0FA145}.Release|Any CPU.ActiveCfg = Release|Any CPU
		{0D7AE57E-206B-4A9C-8015-DC0ABE0FA145}.Release|Any CPU.Build.0 = Release|Any CPU
	EndGlobalSection
	GlobalSection(SolutionProperties) = preSolution
		HideSolutionNode = FALSE
	EndGlobalSection
	GlobalSection(ExtensibilityGlobals) = postSolution
		SolutionGuid = {69DBA64B-8342-48DB-88D6-D82FADCFF2AE}
	EndGlobalSection
EndGlobal
